// !$*UTF8*$!
{
	archiveVersion = 1;
	classes = {
	};
	objectVersion = 46;
	objects = {

/* Begin PBXBuildFile section */
		122744471E605217005C0635 /* AppDelegate.swift in Sources */ = {isa = PBXBuildFile; fileRef = 122744461E605217005C0635 /* AppDelegate.swift */; };
		122744491E605217005C0635 /* LoginViewController.swift in Sources */ = {isa = PBXBuildFile; fileRef = 122744481E605217005C0635 /* LoginViewController.swift */; };
		1227444C1E605217005C0635 /* Main.storyboard in Resources */ = {isa = PBXBuildFile; fileRef = 1227444A1E605217005C0635 /* Main.storyboard */; };
		1227444E1E605217005C0635 /* Assets.xcassets in Resources */ = {isa = PBXBuildFile; fileRef = 1227444D1E605217005C0635 /* Assets.xcassets */; };
		122744511E605217005C0635 /* LaunchScreen.storyboard in Resources */ = {isa = PBXBuildFile; fileRef = 1227444F1E605217005C0635 /* LaunchScreen.storyboard */; };
		122744591E605A0E005C0635 /* SignUpViewController.swift in Sources */ = {isa = PBXBuildFile; fileRef = 122744581E605A0E005C0635 /* SignUpViewController.swift */; };
		1227445C1E60653E005C0635 /* HomeViewController.swift in Sources */ = {isa = PBXBuildFile; fileRef = 1227445B1E60653E005C0635 /* HomeViewController.swift */; };
		1227445E1E60654A005C0635 /* ProfileViewController.swift in Sources */ = {isa = PBXBuildFile; fileRef = 1227445D1E60654A005C0635 /* ProfileViewController.swift */; };
		12B8682C1E6191F300AB846F /* CaptionViewController.swift in Sources */ = {isa = PBXBuildFile; fileRef = 12B8682B1E6191F300AB846F /* CaptionViewController.swift */; };
		12B8682E1E61997100AB846F /* PostsTableViewCell.swift in Sources */ = {isa = PBXBuildFile; fileRef = 12B8682D1E61997100AB846F /* PostsTableViewCell.swift */; };
		12B868301E61A04700AB846F /* KeyboardHelper.swift in Sources */ = {isa = PBXBuildFile; fileRef = 12B8682F1E61A04700AB846F /* KeyboardHelper.swift */; };
		12E2715B1E6126EF003725C2 /* CameraViewController.swift in Sources */ = {isa = PBXBuildFile; fileRef = 12E2715A1E6126EF003725C2 /* CameraViewController.swift */; };
		12E271631E617E44003725C2 /* PhotoHelper.swift in Sources */ = {isa = PBXBuildFile; fileRef = 12E271621E617E44003725C2 /* PhotoHelper.swift */; };
		12E271651E61811C003725C2 /* Post.swift in Sources */ = {isa = PBXBuildFile; fileRef = 12E271641E61811C003725C2 /* Post.swift */; };
		3F622FC4DBA9EC151C21CF6F /* Pods_InstagramDemo.framework in Frameworks */ = {isa = PBXBuildFile; fileRef = CBEE1CFE8A91F4D7E17AEEF2 /* Pods_InstagramDemo.framework */; };
/* End PBXBuildFile section */

/* Begin PBXFileReference section */
		122744431E605217005C0635 /* InstagramDemo.app */ = {isa = PBXFileReference; explicitFileType = wrapper.application; includeInIndex = 0; path = InstagramDemo.app; sourceTree = BUILT_PRODUCTS_DIR; };
		122744461E605217005C0635 /* AppDelegate.swift */ = {isa = PBXFileReference; lastKnownFileType = sourcecode.swift; path = AppDelegate.swift; sourceTree = "<group>"; };
		122744481E605217005C0635 /* LoginViewController.swift */ = {isa = PBXFileReference; lastKnownFileType = sourcecode.swift; path = LoginViewController.swift; sourceTree = "<group>"; };
		1227444B1E605217005C0635 /* Base */ = {isa = PBXFileReference; lastKnownFileType = file.storyboard; name = Base; path = Base.lproj/Main.storyboard; sourceTree = "<group>"; };
		1227444D1E605217005C0635 /* Assets.xcassets */ = {isa = PBXFileReference; lastKnownFileType = folder.assetcatalog; path = Assets.xcassets; sourceTree = "<group>"; };
		122744501E605217005C0635 /* Base */ = {isa = PBXFileReference; lastKnownFileType = file.storyboard; name = Base; path = Base.lproj/LaunchScreen.storyboard; sourceTree = "<group>"; };
		122744521E605217005C0635 /* Info.plist */ = {isa = PBXFileReference; lastKnownFileType = text.plist.xml; path = Info.plist; sourceTree = "<group>"; };
		122744581E605A0E005C0635 /* SignUpViewController.swift */ = {isa = PBXFileReference; fileEncoding = 4; lastKnownFileType = sourcecode.swift; path = SignUpViewController.swift; sourceTree = "<group>"; };
		1227445B1E60653E005C0635 /* HomeViewController.swift */ = {isa = PBXFileReference; fileEncoding = 4; lastKnownFileType = sourcecode.swift; path = HomeViewController.swift; sourceTree = "<group>"; };
		1227445D1E60654A005C0635 /* ProfileViewController.swift */ = {isa = PBXFileReference; fileEncoding = 4; lastKnownFileType = sourcecode.swift; path = ProfileViewController.swift; sourceTree = "<group>"; };
		12B8682B1E6191F300AB846F /* CaptionViewController.swift */ = {isa = PBXFileReference; fileEncoding = 4; lastKnownFileType = sourcecode.swift; path = CaptionViewController.swift; sourceTree = "<group>"; };
		12B8682D1E61997100AB846F /* PostsTableViewCell.swift */ = {isa = PBXFileReference; fileEncoding = 4; lastKnownFileType = sourcecode.swift; path = PostsTableViewCell.swift; sourceTree = "<group>"; };
		12B8682F1E61A04700AB846F /* KeyboardHelper.swift */ = {isa = PBXFileReference; fileEncoding = 4; lastKnownFileType = sourcecode.swift; path = KeyboardHelper.swift; sourceTree = "<group>"; };
		12E2715A1E6126EF003725C2 /* CameraViewController.swift */ = {isa = PBXFileReference; fileEncoding = 4; lastKnownFileType = sourcecode.swift; path = CameraViewController.swift; sourceTree = "<group>"; };
		12E271621E617E44003725C2 /* PhotoHelper.swift */ = {isa = PBXFileReference; fileEncoding = 4; lastKnownFileType = sourcecode.swift; path = PhotoHelper.swift; sourceTree = "<group>"; };
		12E271641E61811C003725C2 /* Post.swift */ = {isa = PBXFileReference; fileEncoding = 4; lastKnownFileType = sourcecode.swift; path = Post.swift; sourceTree = "<group>"; };
		6A6E54FD90959AC799C605AE /* Pods-InstagramDemo.release.xcconfig */ = {isa = PBXFileReference; includeInIndex = 1; lastKnownFileType = text.xcconfig; name = "Pods-InstagramDemo.release.xcconfig"; path = "Pods/Target Support Files/Pods-InstagramDemo/Pods-InstagramDemo.release.xcconfig"; sourceTree = "<group>"; };
		C557AFCCECE3A6C565EF6D47 /* Pods-InstagramDemo.debug.xcconfig */ = {isa = PBXFileReference; includeInIndex = 1; lastKnownFileType = text.xcconfig; name = "Pods-InstagramDemo.debug.xcconfig"; path = "Pods/Target Support Files/Pods-InstagramDemo/Pods-InstagramDemo.debug.xcconfig"; sourceTree = "<group>"; };
		CBEE1CFE8A91F4D7E17AEEF2 /* Pods_InstagramDemo.framework */ = {isa = PBXFileReference; explicitFileType = wrapper.framework; includeInIndex = 0; path = Pods_InstagramDemo.framework; sourceTree = BUILT_PRODUCTS_DIR; };
/* End PBXFileReference section */

/* Begin PBXFrameworksBuildPhase section */
		122744401E605217005C0635 /* Frameworks */ = {
			isa = PBXFrameworksBuildPhase;
			buildActionMask = 2147483647;
			files = (
				3F622FC4DBA9EC151C21CF6F /* Pods_InstagramDemo.framework in Frameworks */,
			);
			runOnlyForDeploymentPostprocessing = 0;
		};
/* End PBXFrameworksBuildPhase section */

/* Begin PBXGroup section */
		1227443A1E605217005C0635 = {
			isa = PBXGroup;
			children = (
				122744451E605217005C0635 /* InstagramDemo */,
				122744441E605217005C0635 /* Products */,
				5DC270D1A4B77E626EE1C866 /* Pods */,
				E2CE138222AC09B1A91FDAFF /* Frameworks */,
			);
			sourceTree = "<group>";
		};
		122744441E605217005C0635 /* Products */ = {
			isa = PBXGroup;
			children = (
				122744431E605217005C0635 /* InstagramDemo.app */,
			);
			name = Products;
			sourceTree = "<group>";
		};
		122744451E605217005C0635 /* InstagramDemo */ = {
			isa = PBXGroup;
			children = (
				12E2715E1E6129FD003725C2 /* Models */,
				12E2715D1E6129F5003725C2 /* Helpers */,
				12E2715C1E6129EE003725C2 /* Views */,
				1227445A1E605A12005C0635 /* View Controllers */,
				122744461E605217005C0635 /* AppDelegate.swift */,
				1227444A1E605217005C0635 /* Main.storyboard */,
				1227444D1E605217005C0635 /* Assets.xcassets */,
				1227444F1E605217005C0635 /* LaunchScreen.storyboard */,
				122744521E605217005C0635 /* Info.plist */,
			);
			path = InstagramDemo;
			sourceTree = "<group>";
		};
		1227445A1E605A12005C0635 /* View Controllers */ = {
			isa = PBXGroup;
			children = (
				122744481E605217005C0635 /* LoginViewController.swift */,
				122744581E605A0E005C0635 /* SignUpViewController.swift */,
				1227445B1E60653E005C0635 /* HomeViewController.swift */,
				1227445D1E60654A005C0635 /* ProfileViewController.swift */,
				12E2715A1E6126EF003725C2 /* CameraViewController.swift */,
				12B8682B1E6191F300AB846F /* CaptionViewController.swift */,
			);
			name = "View Controllers";
			sourceTree = "<group>";
		};
		12E2715C1E6129EE003725C2 /* Views */ = {
			isa = PBXGroup;
			children = (
				12B8682D1E61997100AB846F /* PostsTableViewCell.swift */,
			);
			name = Views;
			sourceTree = "<group>";
		};
		12E2715D1E6129F5003725C2 /* Helpers */ = {
			isa = PBXGroup;
			children = (
				12E271621E617E44003725C2 /* PhotoHelper.swift */,
				12B8682F1E61A04700AB846F /* KeyboardHelper.swift */,
			);
			name = Helpers;
			sourceTree = "<group>";
		};
		12E2715E1E6129FD003725C2 /* Models */ = {
			isa = PBXGroup;
			children = (
				12E271641E61811C003725C2 /* Post.swift */,
			);
			name = Models;
			sourceTree = "<group>";
		};
		5DC270D1A4B77E626EE1C866 /* Pods */ = {
			isa = PBXGroup;
			children = (
				C557AFCCECE3A6C565EF6D47 /* Pods-InstagramDemo.debug.xcconfig */,
				6A6E54FD90959AC799C605AE /* Pods-InstagramDemo.release.xcconfig */,
			);
			name = Pods;
			sourceTree = "<group>";
		};
		E2CE138222AC09B1A91FDAFF /* Frameworks */ = {
			isa = PBXGroup;
			children = (
				CBEE1CFE8A91F4D7E17AEEF2 /* Pods_InstagramDemo.framework */,
			);
			name = Frameworks;
			sourceTree = "<group>";
		};
/* End PBXGroup section */

/* Begin PBXNativeTarget section */
		122744421E605217005C0635 /* InstagramDemo */ = {
			isa = PBXNativeTarget;
			buildConfigurationList = 122744551E605217005C0635 /* Build configuration list for PBXNativeTarget "InstagramDemo" */;
			buildPhases = (
				63F812DEB597111568F1F836 /* [CP] Check Pods Manifest.lock */,
				1227443F1E605217005C0635 /* Sources */,
				122744401E605217005C0635 /* Frameworks */,
				122744411E605217005C0635 /* Resources */,
				82A6BFC959E49A6FF4D77F59 /* [CP] Embed Pods Frameworks */,
				8AFD973D1A79EB4FE480F325 /* [CP] Copy Pods Resources */,
			);
			buildRules = (
			);
			dependencies = (
			);
			name = InstagramDemo;
			productName = InstagramDemo;
			productReference = 122744431E605217005C0635 /* InstagramDemo.app */;
			productType = "com.apple.product-type.application";
		};
/* End PBXNativeTarget section */

/* Begin PBXProject section */
		1227443B1E605217005C0635 /* Project object */ = {
			isa = PBXProject;
			attributes = {
				LastSwiftUpdateCheck = 0820;
				LastUpgradeCheck = 0820;
				ORGANIZATIONNAME = djku;
				TargetAttributes = {
					122744421E605217005C0635 = {
						CreatedOnToolsVersion = 8.2.1;
						DevelopmentTeam = J7EDPJR4N6;
						ProvisioningStyle = Automatic;
					};
				};
			};
			buildConfigurationList = 1227443E1E605217005C0635 /* Build configuration list for PBXProject "InstagramDemo" */;
			compatibilityVersion = "Xcode 3.2";
			developmentRegion = English;
			hasScannedForEncodings = 0;
			knownRegions = (
				en,
				Base,
			);
			mainGroup = 1227443A1E605217005C0635;
			productRefGroup = 122744441E605217005C0635 /* Products */;
			projectDirPath = "";
			projectRoot = "";
			targets = (
				122744421E605217005C0635 /* InstagramDemo */,
			);
		};
/* End PBXProject section */

/* Begin PBXResourcesBuildPhase section */
		122744411E605217005C0635 /* Resources */ = {
			isa = PBXResourcesBuildPhase;
			buildActionMask = 2147483647;
			files = (
				122744511E605217005C0635 /* LaunchScreen.storyboard in Resources */,
				1227444E1E605217005C0635 /* Assets.xcassets in Resources */,
				1227444C1E605217005C0635 /* Main.storyboard in Resources */,
			);
			runOnlyForDeploymentPostprocessing = 0;
		};
/* End PBXResourcesBuildPhase section */

/* Begin PBXShellScriptBuildPhase section */
		63F812DEB597111568F1F836 /* [CP] Check Pods Manifest.lock */ = {
			isa = PBXShellScriptBuildPhase;
			buildActionMask = 2147483647;
			files = (
			);
			inputPaths = (
			);
			name = "[CP] Check Pods Manifest.lock";
			outputPaths = (
			);
			runOnlyForDeploymentPostprocessing = 0;
			shellPath = /bin/sh;
			shellScript = "diff \"${PODS_ROOT}/../Podfile.lock\" \"${PODS_ROOT}/Manifest.lock\" > /dev/null\nif [ $? != 0 ] ; then\n    # print error to STDERR\n    echo \"error: The sandbox is not in sync with the Podfile.lock. Run 'pod install' or update your CocoaPods installation.\" >&2\n    exit 1\nfi\n";
			showEnvVarsInLog = 0;
		};
		82A6BFC959E49A6FF4D77F59 /* [CP] Embed Pods Frameworks */ = {
			isa = PBXShellScriptBuildPhase;
			buildActionMask = 2147483647;
			files = (
			);
			inputPaths = (
			);
			name = "[CP] Embed Pods Frameworks";
			outputPaths = (
			);
			runOnlyForDeploymentPostprocessing = 0;
			shellPath = /bin/sh;
			shellScript = "\"${SRCROOT}/Pods/Target Support Files/Pods-InstagramDemo/Pods-InstagramDemo-frameworks.sh\"\n";
			showEnvVarsInLog = 0;
		};
		8AFD973D1A79EB4FE480F325 /* [CP] Copy Pods Resources */ = {
			isa = PBXShellScriptBuildPhase;
			buildActionMask = 2147483647;
			files = (
			);
			inputPaths = (
			);
			name = "[CP] Copy Pods Resources";
			outputPaths = (
			);
			runOnlyForDeploymentPostprocessing = 0;
			shellPath = /bin/sh;
			shellScript = "\"${SRCROOT}/Pods/Target Support Files/Pods-InstagramDemo/Pods-InstagramDemo-resources.sh\"\n";
			showEnvVarsInLog = 0;
		};
/* End PBXShellScriptBuildPhase section */

/* Begin PBXSourcesBuildPhase section */
		1227443F1E605217005C0635 /* Sources */ = {
			isa = PBXSourcesBuildPhase;
			buildActionMask = 2147483647;
			files = (
				122744591E605A0E005C0635 /* SignUpViewController.swift in Sources */,
				12B8682C1E6191F300AB846F /* CaptionViewController.swift in Sources */,
				122744491E605217005C0635 /* LoginViewController.swift in Sources */,
				1227445E1E60654A005C0635 /* ProfileViewController.swift in Sources */,
				12E271651E61811C003725C2 /* Post.swift in Sources */,
				12B868301E61A04700AB846F /* KeyboardHelper.swift in Sources */,
				12E271631E617E44003725C2 /* PhotoHelper.swift in Sources */,
				122744471E605217005C0635 /* AppDelegate.swift in Sources */,
				12B8682E1E61997100AB846F /* PostsTableViewCell.swift in Sources */,
				1227445C1E60653E005C0635 /* HomeViewController.swift in Sources */,
				12E2715B1E6126EF003725C2 /* CameraViewController.swift in Sources */,
			);
			runOnlyForDeploymentPostprocessing = 0;
		};
/* End PBXSourcesBuildPhase section */

/* Begin PBXVariantGroup section */
		1227444A1E605217005C0635 /* Main.storyboard */ = {
			isa = PBXVariantGroup;
			children = (
				1227444B1E605217005C0635 /* Base */,
			);
			name = Main.storyboard;
			sourceTree = "<group>";
		};
		1227444F1E605217005C0635 /* LaunchScreen.storyboard */ = {
			isa = PBXVariantGroup;
			children = (
				122744501E605217005C0635 /* Base */,
			);
			name = LaunchScreen.storyboard;
			sourceTree = "<group>";
		};
/* End PBXVariantGroup section */

/* Begin XCBuildConfiguration section */
		122744531E605217005C0635 /* Debug */ = {
			isa = XCBuildConfiguration;
			buildSettings = {
				ALWAYS_SEARCH_USER_PATHS = NO;
				CLANG_ANALYZER_NONNULL = YES;
				CLANG_CXX_LANGUAGE_STANDARD = "gnu++0x";
				CLANG_CXX_LIBRARY = "libc++";
				CLANG_ENABLE_MODULES = YES;
				CLANG_ENABLE_OBJC_ARC = YES;
				CLANG_WARN_BOOL_CONVERSION = YES;
				CLANG_WARN_CONSTANT_CONVERSION = YES;
				CLANG_WARN_DIRECT_OBJC_ISA_USAGE = YES_ERROR;
				CLANG_WARN_DOCUMENTATION_COMMENTS = YES;
				CLANG_WARN_EMPTY_BODY = YES;
				CLANG_WARN_ENUM_CONVERSION = YES;
				CLANG_WARN_INFINITE_RECURSION = YES;
				CLANG_WARN_INT_CONVERSION = YES;
				CLANG_WARN_OBJC_ROOT_CLASS = YES_ERROR;
				CLANG_WARN_SUSPICIOUS_MOVE = YES;
				CLANG_WARN_UNREACHABLE_CODE = YES;
				CLANG_WARN__DUPLICATE_METHOD_MATCH = YES;
				"CODE_SIGN_IDENTITY[sdk=iphoneos*]" = "iPhone Developer";
				COPY_PHASE_STRIP = NO;
				DEBUG_INFORMATION_FORMAT = dwarf;
				ENABLE_STRICT_OBJC_MSGSEND = YES;
				ENABLE_TESTABILITY = YES;
				GCC_C_LANGUAGE_STANDARD = gnu99;
				GCC_DYNAMIC_NO_PIC = NO;
				GCC_NO_COMMON_BLOCKS = YES;
				GCC_OPTIMIZATION_LEVEL = 0;
				GCC_PREPROCESSOR_DEFINITIONS = (
					"DEBUG=1",
					"$(inherited)",
				);
				GCC_WARN_64_TO_32_BIT_CONVERSION = YES;
				GCC_WARN_ABOUT_RETURN_TYPE = YES_ERROR;
				GCC_WARN_UNDECLARED_SELECTOR = YES;
				GCC_WARN_UNINITIALIZED_AUTOS = YES_AGGRESSIVE;
				GCC_WARN_UNUSED_FUNCTION = YES;
				GCC_WARN_UNUSED_VARIABLE = YES;
				IPHONEOS_DEPLOYMENT_TARGET = 10.2;
				MTL_ENABLE_DEBUG_INFO = YES;
				ONLY_ACTIVE_ARCH = YES;
				SDKROOT = iphoneos;
				SWIFT_ACTIVE_COMPILATION_CONDITIONS = DEBUG;
				SWIFT_OPTIMIZATION_LEVEL = "-Onone";
			};
			name = Debug;
		};
		122744541E605217005C0635 /* Release */ = {
			isa = XCBuildConfiguration;
			buildSettings = {
				ALWAYS_SEARCH_USER_PATHS = NO;
				CLANG_ANALYZER_NONNULL = YES;
				CLANG_CXX_LANGUAGE_STANDARD = "gnu++0x";
				CLANG_CXX_LIBRARY = "libc++";
				CLANG_ENABLE_MODULES = YES;
				CLANG_ENABLE_OBJC_ARC = YES;
				CLANG_WARN_BOOL_CONVERSION = YES;
				CLANG_WARN_CONSTANT_CONVERSION = YES;
				CLANG_WARN_DIRECT_OBJC_ISA_USAGE = YES_ERROR;
				CLANG_WARN_DOCUMENTATION_COMMENTS = YES;
				CLANG_WARN_EMPTY_BODY = YES;
				CLANG_WARN_ENUM_CONVERSION = YES;
				CLANG_WARN_INFINITE_RECURSION = YES;
				CLANG_WARN_INT_CONVERSION = YES;
				CLANG_WARN_OBJC_ROOT_CLASS = YES_ERROR;
				CLANG_WARN_SUSPICIOUS_MOVE = YES;
				CLANG_WARN_UNREACHABLE_CODE = YES;
				CLANG_WARN__DUPLICATE_METHOD_MATCH = YES;
				"CODE_SIGN_IDENTITY[sdk=iphoneos*]" = "iPhone Developer";
				COPY_PHASE_STRIP = NO;
				DEBUG_INFORMATION_FORMAT = "dwarf-with-dsym";
				ENABLE_NS_ASSERTIONS = NO;
				ENABLE_STRICT_OBJC_MSGSEND = YES;
				GCC_C_LANGUAGE_STANDARD = gnu99;
				GCC_NO_COMMON_BLOCKS = YES;
				GCC_WARN_64_TO_32_BIT_CONVERSION = YES;
				GCC_WARN_ABOUT_RETURN_TYPE = YES_ERROR;
				GCC_WARN_UNDECLARED_SELECTOR = YES;
				GCC_WARN_UNINITIALIZED_AUTOS = YES_AGGRESSIVE;
				GCC_WARN_UNUSED_FUNCTION = YES;
				GCC_WARN_UNUSED_VARIABLE = YES;
				IPHONEOS_DEPLOYMENT_TARGET = 10.2;
				MTL_ENABLE_DEBUG_INFO = NO;
				SDKROOT = iphoneos;
				SWIFT_OPTIMIZATION_LEVEL = "-Owholemodule";
				VALIDATE_PRODUCT = YES;
			};
			name = Release;
		};
		122744561E605217005C0635 /* Debug */ = {
			isa = XCBuildConfiguration;
			baseConfigurationReference = C557AFCCECE3A6C565EF6D47 /* Pods-InstagramDemo.debug.xcconfig */;
			buildSettings = {
				ASSETCATALOG_COMPILER_APPICON_NAME = AppIcon;
				DEVELOPMENT_TEAM = J7EDPJR4N6;
				INFOPLIST_FILE = InstagramDemo/Info.plist;
				LD_RUNPATH_SEARCH_PATHS = "$(inherited) @executable_path/Frameworks";
				PRODUCT_BUNDLE_IDENTIFIER = com.djku.InstagramDemo;
				PRODUCT_NAME = "$(TARGET_NAME)";
				SWIFT_VERSION = 3.0;
			};
			name = Debug;
		};
		122744571E605217005C0635 /* Release */ = {
			isa = XCBuildConfiguration;
			baseConfigurationReference = 6A6E54FD90959AC799C605AE /* Pods-InstagramDemo.release.xcconfig */;
			buildSettings = {
				ASSETCATALOG_COMPILER_APPICON_NAME = AppIcon;
				DEVELOPMENT_TEAM = J7EDPJR4N6;
				INFOPLIST_FILE = InstagramDemo/Info.plist;
				LD_RUNPATH_SEARCH_PATHS = "$(inherited) @executable_path/Frameworks";
				PRODUCT_BUNDLE_IDENTIFIER = com.djku.InstagramDemo;
				PRODUCT_NAME = "$(TARGET_NAME)";
				SWIFT_VERSION = 3.0;
			};
			name = Release;
		};
/* End XCBuildConfiguration section */

/* Begin XCConfigurationList section */
		1227443E1E605217005C0635 /* Build configuration list for PBXProject "InstagramDemo" */ = {
			isa = XCConfigurationList;
			buildConfigurations = (
				122744531E605217005C0635 /* Debug */,
				122744541E605217005C0635 /* Release */,
			);
			defaultConfigurationIsVisible = 0;
			defaultConfigurationName = Release;
		};
		122744551E605217005C0635 /* Build configuration list for PBXNativeTarget "InstagramDemo" */ = {
			isa = XCConfigurationList;
			buildConfigurations = (
				122744561E605217005C0635 /* Debug */,
				122744571E605217005C0635 /* Release */,
			);
			defaultConfigurationIsVisible = 0;
			defaultConfigurationName = Release;
		};
/* End XCConfigurationList section */
	};
	rootObject = 1227443B1E605217005C0635 /* Project object */;
}
